
Microsoft Visual Studio Solution File, Format Version 12.00
# Visual Studio Version 17
VisualStudioVersion = 17.9.34723.18
MinimumVisualStudioVersion = 10.0.40219.1
Project("{9A19103F-16F7-4668-BE54-9A1E7A4F7556}") = "BookSeries.Domain", "BookSeries.Domain\BookSeries.Domain.csproj", "{7A394CC3-D7D2-4871-8882-6088EE9B1BAD}"
EndProject
Project("{9A19103F-16F7-4668-BE54-9A1E7A4F7556}") = "BookSeries.Application", "BookSeries.Application\BookSeries.Application.csproj", "{F9367DD3-D9E0-4CF8-8A85-C5BE27270A3D}"
EndProject
Project("{9A19103F-16F7-4668-BE54-9A1E7A4F7556}") = "BookSeries.Infrastructure", "BookSeries.Infrastructure\BookSeries.Infrastructure.csproj", "{EB10BA87-A59C-4997-B1AD-084407BEFE00}"
EndProject
Project("{9A19103F-16F7-4668-BE54-9A1E7A4F7556}") = "BookSeries.Web", "BookSeries.Web\BookSeries.Web.csproj", "{D183E929-B273-4147-BC5D-DF518DC2D5E1}"
EndProject
Project("{2150E333-8FDC-42A3-9474-1A3956D46DE8}") = "Services", "Services", "{A1E11035-4249-442F-9C76-6B5E782BEFDA}"
EndProject
Project("{9A19103F-16F7-4668-BE54-9A1E7A4F7556}") = "BookSeries.Services.AuthAPI", "BookSeries.Services.AuthAPI\BookSeries.Services.AuthAPI.csproj", "{08ACB59D-A89E-4446-93DE-F70820102B2C}"
EndProject
Global
	GlobalSection(SolutionConfigurationPlatforms) = preSolution
		Debug|Any CPU = Debug|Any CPU
		Release|Any CPU = Release|Any CPU
	EndGlobalSection
	GlobalSection(ProjectConfigurationPlatforms) = postSolution
		{7A394CC3-D7D2-4871-8882-6088EE9B1BAD}.Debug|Any CPU.ActiveCfg = Debug|Any CPU
		{7A394CC3-D7D2-4871-8882-6088EE9B1BAD}.Debug|Any CPU.Build.0 = Debug|Any CPU
		{7A394CC3-D7D2-4871-8882-6088EE9B1BAD}.Release|Any CPU.ActiveCfg = Release|Any CPU
		{7A394CC3-D7D2-4871-8882-6088EE9B1BAD}.Release|Any CPU.Build.0 = Release|Any CPU
		{F9367DD3-D9E0-4CF8-8A85-C5BE27270A3D}.Debug|Any CPU.ActiveCfg = Debug|Any CPU
		{F9367DD3-D9E0-4CF8-8A85-C5BE27270A3D}.Debug|Any CPU.Build.0 = Debug|Any CPU
		{F9367DD3-D9E0-4CF8-8A85-C5BE27270A3D}.Release|Any CPU.ActiveCfg = Release|Any CPU
		{F9367DD3-D9E0-4CF8-8A85-C5BE27270A3D}.Release|Any CPU.Build.0 = Release|Any CPU
		{EB10BA87-A59C-4997-B1AD-084407BEFE00}.Debug|Any CPU.ActiveCfg = Debug|Any CPU
		{EB10BA87-A59C-4997-B1AD-084407BEFE00}.Debug|Any CPU.Build.0 = Debug|Any CPU
		{EB10BA87-A59C-4997-B1AD-084407BEFE00}.Release|Any CPU.ActiveCfg = Release|Any CPU
		{EB10BA87-A59C-4997-B1AD-084407BEFE00}.Release|Any CPU.Build.0 = Release|Any CPU
		{D183E929-B273-4147-BC5D-DF518DC2D5E1}.Debug|Any CPU.ActiveCfg = Debug|Any CPU
		{D183E929-B273-4147-BC5D-DF518DC2D5E1}.Debug|Any CPU.Build.0 = Debug|Any CPU
		{D183E929-B273-4147-BC5D-DF518DC2D5E1}.Release|Any CPU.ActiveCfg = Release|Any CPU
		{D183E929-B273-4147-BC5D-DF518DC2D5E1}.Release|Any CPU.Build.0 = Release|Any CPU
		{08ACB59D-A89E-4446-93DE-F70820102B2C}.Debug|Any CPU.ActiveCfg = Debug|Any CPU
		{08ACB59D-A89E-4446-93DE-F70820102B2C}.Debug|Any CPU.Build.0 = Debug|Any CPU
		{08ACB59D-A89E-4446-93DE-F70820102B2C}.Release|Any CPU.ActiveCfg = Release|Any CPU
		{08ACB59D-A89E-4446-93DE-F70820102B2C}.Release|Any CPU.Build.0 = Release|Any CPU
	EndGlobalSection
	GlobalSection(SolutionProperties) = preSolution
		HideSolutionNode = FALSE
	EndGlobalSection
	GlobalSection(NestedProjects) = preSolution
		{08ACB59D-A89E-4446-93DE-F70820102B2C} = {A1E11035-4249-442F-9C76-6B5E782BEFDA}
	EndGlobalSection
	GlobalSection(ExtensibilityGlobals) = postSolution
		SolutionGuid = {EFC13009-A017-4799-8EA0-F9CD34B0FFC4}
	EndGlobalSection
EndGlobal
